
Microsoft Visual Studio Solution File, Format Version 12.00
# Visual Studio Version 17
VisualStudioVersion = 17.6.33815.320
MinimumVisualStudioVersion = 10.0.40219.1
Project("{FAE04EC0-301F-11D3-BF4B-00C04F79EFBC}") = "Using-Immutable-Objects-When-Possible", "Using-Immutable-Objects-When-Possible\Using-Immutable-Objects-When-Possible.csproj", "{0E6E9A1B-3851-4B5E-8EC6-CEE6893AD2C8}"
EndProject
Global
	GlobalSection(SolutionConfigurationPlatforms) = preSolution
		Debug|Any CPU = Debug|Any CPU
		Release|Any CPU = Release|Any CPU
	EndGlobalSection
	GlobalSection(ProjectConfigurationPlatforms) = postSolution
		{0E6E9A1B-3851-4B5E-8EC6-CEE6893AD2C8}.Debug|Any CPU.ActiveCfg = Debug|Any CPU
		{0E6E9A1B-3851-4B5E-8EC6-CEE6893AD2C8}.Debug|Any CPU.Build.0 = Debug|Any CPU
		{0E6E9A1B-3851-4B5E-8EC6-CEE6893AD2C8}.Release|Any CPU.ActiveCfg = Release|Any CPU
		{0E6E9A1B-3851-4B5E-8EC6-CEE6893AD2C8}.Release|Any CPU.Build.0 = Release|Any CPU
	EndGlobalSection
	GlobalSection(SolutionProperties) = preSolution
		HideSolutionNode = FALSE
	EndGlobalSection
	GlobalSection(ExtensibilityGlobals) = postSolution
		SolutionGuid = {3A4771FF-6BF5-475A-8F40-8C56D4F3832E}
	EndGlobalSection
EndGlobal
